PODS:
  - Capacitor (7.6.0):
    - CapacitorCordova
  - CapacitorAppLauncher (7.0.4):
    - Capacitor
  - CapacitorCordova (7.6.0)
  - CapacitorHaptics (5.0.8):
    - Capacitor

DEPENDENCIES:
  - "Capacitor (from `../../node_modules/@capacitor/ios`)"
  - "CapacitorAppLauncher (from `../../node_modules/@capacitor/app-launcher`)"
  - "CapacitorCordova (from `../../node_modules/@capacitor/ios`)"
  - "CapacitorHaptics (from `../../node_modules/@capacitor/haptics`)"

EXTERNAL SOURCES:
  Capacitor:
    :path: "../../node_modules/@capacitor/ios"
  CapacitorAppLauncher:
    :path: "../../node_modules/@capacitor/app-launcher"
  CapacitorCordova:
    :path: "../../node_modules/@capacitor/ios"
  CapacitorHaptics:
    :path: "../../node_modules/@capacitor/haptics"

SPEC CHECKSUMS:
  Capacitor: 6e644e9e3369368ac601c77a0fad57f34b78aaa6
  CapacitorAppLauncher: a4f8a38922f861e585d887185ef28432e17c3eca
  CapacitorCordova: f163aa2e84b79efc54d6a75b305bc7e05fb80c5d
  CapacitorHaptics: acd823c6ed0ec2cd968a09316768144b0495a1e7

PODFILE CHECKSUM: bbbd8003731e33f84a43c0477616a63115ae442c

COCOAPODS: 1.16.2
